// !$*UTF8*$!
{
	archiveVersion = 1;
	classes = {
	};
	objectVersion = 46;
	objects = {

/* Begin PBXBuildFile section */
		4EBC22191D2A8F4600FCEDDF /* main.m in Sources */ = {isa = PBXBuildFile; fileRef = 4EBC22181D2A8F4600FCEDDF /* main.m */; };
		4EBC221C1D2A8F4600FCEDDF /* AppDelegate.m in Sources */ = {isa = PBXBuildFile; fileRef = 4EBC221B1D2A8F4600FCEDDF /* AppDelegate.m */; };
		4EBC221F1D2A8F4600FCEDDF /* ViewController.m in Sources */ = {isa = PBXBuildFile; fileRef = 4EBC221E1D2A8F4600FCEDDF /* ViewController.m */; };
		4EBC22221D2A8F4600FCEDDF /* Main.storyboard in Resources */ = {isa = PBXBuildFile; fileRef = 4EBC22201D2A8F4600FCEDDF /* Main.storyboard */; };
		4EBC22241D2A8F4600FCEDDF /* Images.xcassets in Resources */ = {isa = PBXBuildFile; fileRef = 4EBC22231D2A8F4600FCEDDF /* Images.xcassets */; };
		4EBC22271D2A8F4600FCEDDF /* LaunchScreen.xib in Resources */ = {isa = PBXBuildFile; fileRef = 4EBC22251D2A8F4600FCEDDF /* LaunchScreen.xib */; };
		4EBC22331D2A8F4600FCEDDF /* testTests.m in Sources */ = {isa = PBXBuildFile; fileRef = 4EBC22321D2A8F4600FCEDDF /* testTests.m */; };
/* End PBXBuildFile section */

/* Begin PBXContainerItemProxy section */
		4EBC222D1D2A8F4600FCEDDF /* PBXContainerItemProxy */ = {
			isa = PBXContainerItemProxy;
			containerPortal = 4EBC220B1D2A8F4600FCEDDF /* Project object */;
			proxyType = 1;
			remoteGlobalIDString = 4EBC22121D2A8F4600FCEDDF;
			remoteInfo = test;
		};
/* End PBXContainerItemProxy section */

/* Begin PBXFileReference section */
		4EBC22131D2A8F4600FCEDDF /* test.app */ = {isa = PBXFileReference; explicitFileType = wrapper.application; includeInIndex = 0; path = test.app; sourceTree = BUILT_PRODUCTS_DIR; };
		4EBC22171D2A8F4600FCEDDF /* Info.plist */ = {isa = PBXFileReference; lastKnownFileType = text.plist.xml; path = Info.plist; sourceTree = "<group>"; };
		4EBC22181D2A8F4600FCEDDF /* main.m */ = {isa = PBXFileReference; lastKnownFileType = sourcecode.c.objc; path = main.m; sourceTree = "<group>"; };
		4EBC221A1D2A8F4600FCEDDF /* AppDelegate.h */ = {isa = PBXFileReference; lastKnownFileType = sourcecode.c.h; path = AppDelegate.h; sourceTree = "<group>"; };
		4EBC221B1D2A8F4600FCEDDF /* AppDelegate.m */ = {isa = PBXFileReference; lastKnownFileType = sourcecode.c.objc; path = AppDelegate.m; sourceTree = "<group>"; };
		4EBC221D1D2A8F4600FCEDDF /* ViewController.h */ = {isa = PBXFileReference; lastKnownFileType = sourcecode.c.h; path = ViewController.h; sourceTree = "<group>"; };
		4EBC221E1D2A8F4600FCEDDF /* ViewController.m */ = {isa = PBXFileReference; lastKnownFileType = sourcecode.c.objc; path = ViewController.m; sourceTree = "<group>"; };
		4EBC22211D2A8F4600FCEDDF /* Base */ = {isa = PBXFileReference; lastKnownFileType = file.storyboard; name = Base; path = Base.lproj/Main.storyboard; sourceTree = "<group>"; };
		4EBC22231D2A8F4600FCEDDF /* Images.xcassets */ = {isa = PBXFileReference; lastKnownFileType = folder.assetcatalog; path = Images.xcassets; sourceTree = "<group>"; };
		4EBC22261D2A8F4600FCEDDF /* Base */ = {isa = PBXFileReference; lastKnownFileType = file.xib; name = Base; path = Base.lproj/LaunchScreen.xib; sourceTree = "<group>"; };
		4EBC222C1D2A8F4600FCEDDF /* testTests.xctest */ = {isa = PBXFileReference; explicitFileType = wrapper.cfbundle; includeInIndex = 0; path = testTests.xctest; sourceTree = BUILT_PRODUCTS_DIR; };
		4EBC22311D2A8F4600FCEDDF /* Info.plist */ = {isa = PBXFileReference; lastKnownFileType = text.plist.xml; path = Info.plist; sourceTree = "<group>"; };
		4EBC22321D2A8F4600FCEDDF /* testTests.m */ = {isa = PBXFileReference; lastKnownFileType = sourcecode.c.objc; path = testTests.m; sourceTree = "<group>"; };
/* End PBXFileReference section */

/* Begin PBXFrameworksBuildPhase section */
		4EBC22101D2A8F4600FCEDDF /* Frameworks */ = {
			isa = PBXFrameworksBuildPhase;
			buildActionMask = 2147483647;
			files = (
			);
			runOnlyForDeploymentPostprocessing = 0;
		};
		4EBC22291D2A8F4600FCEDDF /* Frameworks */ = {
			isa = PBXFrameworksBuildPhase;
			buildActionMask = 2147483647;
			files = (
			);
			runOnlyForDeploymentPostprocessing = 0;
		};
/* End PBXFrameworksBuildPhase section */

/* Begin PBXGroup section */
		4EBC220A1D2A8F4600FCEDDF = {
			isa = PBXGroup;
			children = (
				4EBC22151D2A8F4600FCEDDF /* test */,
				4EBC222F1D2A8F4600FCEDDF /* testTests */,
				4EBC22141D2A8F4600FCEDDF /* Products */,
			);
			sourceTree = "<group>";
		};
		4EBC22141D2A8F4600FCEDDF /* Products */ = {
			isa = PBXGroup;
			children = (
				4EBC22131D2A8F4600FCEDDF /* test.app */,
				4EBC222C1D2A8F4600FCEDDF /* testTests.xctest */,
			);
			name = Products;
			sourceTree = "<group>";
		};
		4EBC22151D2A8F4600FCEDDF /* test */ = {
			isa = PBXGroup;
			children = (
				4EBC221A1D2A8F4600FCEDDF /* AppDelegate.h */,
				4EBC221B1D2A8F4600FCEDDF /* AppDelegate.m */,
				4EBC221D1D2A8F4600FCEDDF /* ViewController.h */,
				4EBC221E1D2A8F4600FCEDDF /* ViewController.m */,
				4EBC22201D2A8F4600FCEDDF /* Main.storyboard */,
				4EBC22231D2A8F4600FCEDDF /* Images.xcassets */,
				4EBC22251D2A8F4600FCEDDF /* LaunchScreen.xib */,
				4EBC22161D2A8F4600FCEDDF /* Supporting Files */,
			);
			path = test;
			sourceTree = "<group>";
		};
		4EBC22161D2A8F4600FCEDDF /* Supporting Files */ = {
			isa = PBXGroup;
			children = (
				4EBC22171D2A8F4600FCEDDF /* Info.plist */,
				4EBC22181D2A8F4600FCEDDF /* main.m */,
			);
			name = "Supporting Files";
			sourceTree = "<group>";
		};
		4EBC222F1D2A8F4600FCEDDF /* testTests */ = {
			isa = PBXGroup;
			children = (
				4EBC22321D2A8F4600FCEDDF /* testTests.m */,
				4EBC22301D2A8F4600FCEDDF /* Supporting Files */,
			);
			path = testTests;
			sourceTree = "<group>";
		};
		4EBC22301D2A8F4600FCEDDF /* Supporting Files */ = {
			isa = PBXGroup;
			children = (
				4EBC22311D2A8F4600FCEDDF /* Info.plist */,
			);
			name = "Supporting Files";
			sourceTree = "<group>";
		};
/* End PBXGroup section */

/* Begin PBXNativeTarget section */
		4EBC22121D2A8F4600FCEDDF /* test */ = {
			isa = PBXNativeTarget;
			buildConfigurationList = 4EBC22361D2A8F4600FCEDDF /* Build configuration list for PBXNativeTarget "test" */;
			buildPhases = (
				4EBC220F1D2A8F4600FCEDDF /* Sources */,
				4EBC22101D2A8F4600FCEDDF /* Frameworks */,
				4EBC22111D2A8F4600FCEDDF /* Resources */,
			);
			buildRules = (
			);
			dependencies = (
			);
			name = test;
			productName = test;
			productReference = 4EBC22131D2A8F4600FCEDDF /* test.app */;
			productType = "com.apple.product-type.application";
		};
		4EBC222B1D2A8F4600FCEDDF /* testTests */ = {
			isa = PBXNativeTarget;
			buildConfigurationList = 4EBC22391D2A8F4600FCEDDF /* Build configuration list for PBXNativeTarget "testTests" */;
			buildPhases = (
				4EBC22281D2A8F4600FCEDDF /* Sources */,
				4EBC22291D2A8F4600FCEDDF /* Frameworks */,
				4EBC222A1D2A8F4600FCEDDF /* Resources */,
			);
			buildRules = (
			);
			dependencies = (
				4EBC222E1D2A8F4600FCEDDF /* PBXTargetDependency */,
			);
			name = testTests;
			productName = testTests;
			productReference = 4EBC222C1D2A8F4600FCEDDF /* testTests.xctest */;
			productType = "com.apple.product-type.bundle.unit-test";
		};
/* End PBXNativeTarget section */

/* Begin PBXProject section */
		4EBC220B1D2A8F4600FCEDDF /* Project object */ = {
			isa = PBXProject;
			attributes = {
				LastUpgradeCheck = 0640;
				ORGANIZATIONNAME = JSONG;
				TargetAttributes = {
					4EBC22121D2A8F4600FCEDDF = {
						CreatedOnToolsVersion = 6.4;
					};
					4EBC222B1D2A8F4600FCEDDF = {
						CreatedOnToolsVersion = 6.4;
						TestTargetID = 4EBC22121D2A8F4600FCEDDF;
					};
				};
			};
			buildConfigurationList = 4EBC220E1D2A8F4600FCEDDF /* Build configuration list for PBXProject "test" */;
			compatibilityVersion = "Xcode 3.2";
			developmentRegion = English;
			hasScannedForEncodings = 0;
			knownRegions = (
				en,
				Base,
			);
			mainGroup = 4EBC220A1D2A8F4600FCEDDF;
			productRefGroup = 4EBC22141D2A8F4600FCEDDF /* Products */;
			projectDirPath = "";
			projectRoot = "";
			targets = (
				4EBC22121D2A8F4600FCEDDF /* test */,
				4EBC222B1D2A8F4600FCEDDF /* testTests */,
			);
		};
/* End PBXProject section */

/* Begin PBXResourcesBuildPhase section */
		4EBC22111D2A8F4600FCEDDF /* Resources */ = {
			isa = PBXResourcesBuildPhase;
			buildActionMask = 2147483647;
			files = (
				4EBC22221D2A8F4600FCEDDF /* Main.storyboard in Resources */,
				4EBC22271D2A8F4600FCEDDF /* LaunchScreen.xib in Resources */,
				4EBC22241D2A8F4600FCEDDF /* Images.xcassets in Resources */,
			);
			runOnlyForDeploymentPostprocessing = 0;
		};
		4EBC222A1D2A8F4600FCEDDF /* Resources */ = {
			isa = PBXResourcesBuildPhase;
			buildActionMask = 2147483647;
			files = (
			);
			runOnlyForDeploymentPostprocessing = 0;
		};
/* End PBXResourcesBuildPhase section */

/* Begin PBXSourcesBuildPhase section */
		4EBC220F1D2A8F4600FCEDDF /* Sources */ = {
			isa = PBXSourcesBuildPhase;
			buildActionMask = 2147483647;
			files = (
				4EBC221F1D2A8F4600FCEDDF /* ViewController.m in Sources */,
				4EBC221C1D2A8F4600FCEDDF /* AppDelegate.m in Sources */,
				4EBC22191D2A8F4600FCEDDF /* main.m in Sources */,
			);
			runOnlyForDeploymentPostprocessing = 0;
		};
		4EBC22281D2A8F4600FCEDDF /* Sources */ = {
			isa = PBXSourcesBuildPhase;
			buildActionMask = 2147483647;
			files = (
				4EBC22331D2A8F4600FCEDDF /* testTests.m in Sources */,
			);
			runOnlyForDeploymentPostprocessing = 0;
		};
/* End PBXSourcesBuildPhase section */

/* Begin PBXTargetDependency section */
		4EBC222E1D2A8F4600FCEDDF /* PBXTargetDependency */ = {
			isa = PBXTargetDependency;
			target = 4EBC22121D2A8F4600FCEDDF /* test */;
			targetProxy = 4EBC222D1D2A8F4600FCEDDF /* PBXContainerItemProxy */;
		};
/* End PBXTargetDependency section */

/* Begin PBXVariantGroup section */
		4EBC22201D2A8F4600FCEDDF /* Main.storyboard */ = {
			isa = PBXVariantGroup;
			children = (
				4EBC22211D2A8F4600FCEDDF /* Base */,
			);
			name = Main.storyboard;
			sourceTree = "<group>";
		};
		4EBC22251D2A8F4600FCEDDF /* LaunchScreen.xib */ = {
			isa = PBXVariantGroup;
			children = (
				4EBC22261D2A8F4600FCEDDF /* Base */,
			);
			name = LaunchScreen.xib;
			sourceTree = "<group>";
		};
/* End PBXVariantGroup section */

/* Begin XCBuildConfiguration section */
		4EBC22341D2A8F4600FCEDDF /* Debug */ = {
			isa = XCBuildConfiguration;
			buildSettings = {
				ALWAYS_SEARCH_USER_PATHS = NO;
				CLANG_CXX_LANGUAGE_STANDARD = "gnu++0x";
				CLANG_CXX_LIBRARY = "libc++";
				CLANG_ENABLE_MODULES = YES;
				CLANG_ENABLE_OBJC_ARC = YES;
				CLANG_WARN_BOOL_CONVERSION = YES;
				CLANG_WARN_CONSTANT_CONVERSION = YES;
				CLANG_WARN_DIRECT_OBJC_ISA_USAGE = YES_ERROR;
				CLANG_WARN_EMPTY_BODY = YES;
				CLANG_WARN_ENUM_CONVERSION = YES;
				CLANG_WARN_INT_CONVERSION = YES;
				CLANG_WARN_OBJC_ROOT_CLASS = YES_ERROR;
				CLANG_WARN_UNREACHABLE_CODE = YES;
				CLANG_WARN__DUPLICATE_METHOD_MATCH = YES;
				"CODE_SIGN_IDENTITY[sdk=iphoneos*]" = "iPhone Developer";
				COPY_PHASE_STRIP = NO;
				DEBUG_INFORMATION_FORMAT = "dwarf-with-dsym";
				ENABLE_STRICT_OBJC_MSGSEND = YES;
				GCC_C_LANGUAGE_STANDARD = gnu99;
				GCC_DYNAMIC_NO_PIC = NO;
				GCC_NO_COMMON_BLOCKS = YES;
				GCC_OPTIMIZATION_LEVEL = 0;
				GCC_PREPROCESSOR_DEFINITIONS = (
					"DEBUG=1",
					"$(inherited)",
				);
				GCC_SYMBOLS_PRIVATE_EXTERN = NO;
				GCC_WARN_64_TO_32_BIT_CONVERSION = YES;
				GCC_WARN_ABOUT_RETURN_TYPE = YES_ERROR;
				GCC_WARN_UNDECLARED_SELECTOR = YES;
				GCC_WARN_UNINITIALIZED_AUTOS = YES_AGGRESSIVE;
				GCC_WARN_UNUSED_FUNCTION = YES;
				GCC_WARN_UNUSED_VARIABLE = YES;
				IPHONEOS_DEPLOYMENT_TARGET = 8.4;
				MTL_ENABLE_DEBUG_INFO = YES;
				ONLY_ACTIVE_ARCH = YES;
				SDKROOT = iphoneos;
			};
			name = Debug;
		};
		4EBC22351D2A8F4600FCEDDF /* Release */ = {
			isa = XCBuildConfiguration;
			buildSettings = {
				ALWAYS_SEARCH_USER_PATHS = NO;
				CLANG_CXX_LANGUAGE_STANDARD = "gnu++0x";
				CLANG_CXX_LIBRARY = "libc++";
				CLANG_ENABLE_MODULES = YES;
				CLANG_ENABLE_OBJC_ARC = YES;
				CLANG_WARN_BOOL_CONVERSION = YES;
				CLANG_WARN_CONSTANT_CONVERSION = YES;
				CLANG_WARN_DIRECT_OBJC_ISA_USAGE = YES_ERROR;
				CLANG_WARN_EMPTY_BODY = YES;
				CLANG_WARN_ENUM_CONVERSION = YES;
				CLANG_WARN_INT_CONVERSION = YES;
				CLANG_WARN_OBJC_ROOT_CLASS = YES_ERROR;
				CLANG_WARN_UNREACHABLE_CODE = YES;
				CLANG_WARN__DUPLICATE_METHOD_MATCH = YES;
				"CODE_SIGN_IDENTITY[sdk=iphoneos*]" = "iPhone Developer";
				COPY_PHASE_STRIP = NO;
				DEBUG_INFORMATION_FORMAT = "dwarf-with-dsym";
				ENABLE_NS_ASSERTIONS = NO;
				ENABLE_STRICT_OBJC_MSGSEND = YES;
				GCC_C_LANGUAGE_STANDARD = gnu99;
				GCC_NO_COMMON_BLOCKS = YES;
				GCC_WARN_64_TO_32_BIT_CONVERSION = YES;
				GCC_WARN_ABOUT_RETURN_TYPE = YES_ERROR;
				GCC_WARN_UNDECLARED_SELECTOR = YES;
				GCC_WARN_UNINITIALIZED_AUTOS = YES_AGGRESSIVE;
				GCC_WARN_UNUSED_FUNCTION = YES;
				GCC_WARN_UNUSED_VARIABLE = YES;
				IPHONEOS_DEPLOYMENT_TARGET = 8.4;
				MTL_ENABLE_DEBUG_INFO = NO;
				SDKROOT = iphoneos;
				VALIDATE_PRODUCT = YES;
			};
			name = Release;
		};
		4EBC22371D2A8F4600FCEDDF /* Debug */ = {
			isa = XCBuildConfiguration;
			buildSettings = {
				ASSETCATALOG_COMPILER_APPICON_NAME = AppIcon;
				INFOPLIST_FILE = test/Info.plist;
				LD_RUNPATH_SEARCH_PATHS = "$(inherited) @executable_path/Frameworks";
				PRODUCT_NAME = "$(TARGET_NAME)";
			};
			name = Debug;
		};
		4EBC22381D2A8F4600FCEDDF /* Release */ = {
			isa = XCBuildConfiguration;
			buildSettings = {
				ASSETCATALOG_COMPILER_APPICON_NAME = AppIcon;
				INFOPLIST_FILE = test/Info.plist;
				LD_RUNPATH_SEARCH_PATHS = "$(inherited) @executable_path/Frameworks";
				PRODUCT_NAME = "$(TARGET_NAME)";
			};
			name = Release;
		};
		4EBC223A1D2A8F4600FCEDDF /* Debug */ = {
			isa = XCBuildConfiguration;
			buildSettings = {
				BUNDLE_LOADER = "$(TEST_HOST)";
				FRAMEWORK_SEARCH_PATHS = (
					"$(SDKROOT)/Developer/Library/Frameworks",
					"$(inherited)",
				);
				GCC_PREPROCESSOR_DEFINITIONS = (
					"DEBUG=1",
					"$(inherited)",
				);
				INFOPLIST_FILE = testTests/Info.plist;
				LD_RUNPATH_SEARCH_PATHS = "$(inherited) @executable_path/Frameworks @loader_path/Frameworks";
				PRODUCT_NAME = "$(TARGET_NAME)";
				TEST_HOST = "$(BUILT_PRODUCTS_DIR)/test.app/test";
			};
			name = Debug;
		};
		4EBC223B1D2A8F4600FCEDDF /* Release */ = {
			isa = XCBuildConfiguration;
			buildSettings = {
				BUNDLE_LOADER = "$(TEST_HOST)";
				FRAMEWORK_SEARCH_PATHS = (
					"$(SDKROOT)/Developer/Library/Frameworks",
					"$(inherited)",
				);
				INFOPLIST_FILE = testTests/Info.plist;
				LD_RUNPATH_SEARCH_PATHS = "$(inherited) @executable_path/Frameworks @loader_path/Frameworks";
				PRODUCT_NAME = "$(TARGET_NAME)";
				TEST_HOST = "$(BUILT_PRODUCTS_DIR)/test.app/test";
			};
			name = Release;
		};
/* End XCBuildConfiguration section */

/* Begin XCConfigurationList section */
		4EBC220E1D2A8F4600FCEDDF /* Build configuration list for PBXProject "test" */ = {
			isa = XCConfigurationList;
			buildConfigurations = (
				4EBC22341D2A8F4600FCEDDF /* Debug */,
				4EBC22351D2A8F4600FCEDDF /* Release */,
			);
			defaultConfigurationIsVisible = 0;
			defaultConfigurationName = Release;
		};
		4EBC22361D2A8F4600FCEDDF /* Build configuration list for PBXNativeTarget "test" */ = {
			isa = XCConfigurationList;
			buildConfigurations = (
				4EBC22371D2A8F4600FCEDDF /* Debug */,
				4EBC22381D2A8F4600FCEDDF /* Release */,
			);
			defaultConfigurationIsVisible = 0;
		};
		4EBC22391D2A8F4600FCEDDF /* Build configuration list for PBXNativeTarget "testTests" */ = {
			isa = XCConfigurationList;
			buildConfigurations = (
				4EBC223A1D2A8F4600FCEDDF /* Debug */,
				4EBC223B1D2A8F4600FCEDDF /* Release */,
			);
			defaultConfigurationIsVisible = 0;
		};
/* End XCConfigurationList section */
	};
	rootObject = 4EBC220B1D2A8F4600FCEDDF /* Project object */;
}
